
Microsoft Visual Studio Solution File, Format Version 12.00
# Visual Studio Version 17
VisualStudioVersion = 17.13.35825.156
MinimumVisualStudioVersion = 10.0.40219.1
Project("{FAE04EC0-301F-11D3-BF4B-00C04F79EFBC}") = "Review 4", "Review 4.csproj", "{211B8B9D-F3A6-4EFA-B916-425F0904DBC4}"
EndProject
Project("{FAE04EC0-301F-11D3-BF4B-00C04F79EFBC}") = "Review 4 Test", "..\Review 4 Test\Review 4 Test.csproj", "{9C14E81B-5633-451D-BFB2-1911CF42879C}"
EndProject
Global
	GlobalSection(SolutionConfigurationPlatforms) = preSolution
		Debug|Any CPU = Debug|Any CPU
		Release|Any CPU = Release|Any CPU
	EndGlobalSection
	GlobalSection(ProjectConfigurationPlatforms) = postSolution
		{211B8B9D-F3A6-4EFA-B916-425F0904DBC4}.Debug|Any CPU.ActiveCfg = Debug|Any CPU
		{211B8B9D-F3A6-4EFA-B916-425F0904DBC4}.Debug|Any CPU.Build.0 = Debug|Any CPU
		{211B8B9D-F3A6-4EFA-B916-425F0904DBC4}.Release|Any CPU.ActiveCfg = Release|Any CPU
		{211B8B9D-F3A6-4EFA-B916-425F0904DBC4}.Release|Any CPU.Build.0 = Release|Any CPU
		{9C14E81B-5633-451D-BFB2-1911CF42879C}.Debug|Any CPU.ActiveCfg = Debug|Any CPU
		{9C14E81B-5633-451D-BFB2-1911CF42879C}.Debug|Any CPU.Build.0 = Debug|Any CPU
		{9C14E81B-5633-451D-BFB2-1911CF42879C}.Release|Any CPU.ActiveCfg = Release|Any CPU
		{9C14E81B-5633-451D-BFB2-1911CF42879C}.Release|Any CPU.Build.0 = Release|Any CPU
	EndGlobalSection
	GlobalSection(SolutionProperties) = preSolution
		HideSolutionNode = FALSE
	EndGlobalSection
	GlobalSection(ExtensibilityGlobals) = postSolution
		SolutionGuid = {8B82D272-693F-48BB-A2AE-992D673D4218}
	EndGlobalSection
EndGlobal
